
Microsoft Visual Studio Solution File, Format Version 12.00
# Visual Studio 14
VisualStudioVersion = 14.0.25420.1
MinimumVisualStudioVersion = 10.0.40219.1
Project("{8BC9CEB8-8B4A-11D0-8D11-00A0C91BC942}") = "CV1_task1", "CV1_task\CV1_task.vcxproj", "{0298A7D2-A217-4EBC-A8CB-1DD7045BFC3D}"
EndProject
Project("{8BC9CEB8-8B4A-11D0-8D11-00A0C91BC942}") = "CV1_task2", "CV1_task2\CV1_task2.vcxproj", "{9F7CDCDB-E857-49B9-A57F-28A338A3F4A1}"
EndProject
Project("{8BC9CEB8-8B4A-11D0-8D11-00A0C91BC942}") = "CV1_task3", "CV1_task3\CV1_task3.vcxproj", "{0110EB69-9A81-4A72-BD4E-2C5CC761088E}"
EndProject
Project("{8BC9CEB8-8B4A-11D0-8D11-00A0C91BC942}") = "CV1_task4", "CV1_task4\CV1_task4.vcxproj", "{4C401D2C-F9FB-489C-BDEE-A5C1C18A8CF9}"
EndProject
Global
	GlobalSection(SolutionConfigurationPlatforms) = preSolution
		Debug|x64 = Debug|x64
		Debug|x86 = Debug|x86
		Release|x64 = Release|x64
		Release|x86 = Release|x86
	EndGlobalSection
	GlobalSection(ProjectConfigurationPlatforms) = postSolution
		{0298A7D2-A217-4EBC-A8CB-1DD7045BFC3D}.Debug|x64.ActiveCfg = Debug|x64
		{0298A7D2-A217-4EBC-A8CB-1DD7045BFC3D}.Debug|x86.ActiveCfg = Debug|Win32
		{0298A7D2-A217-4EBC-A8CB-1DD7045BFC3D}.Release|x64.ActiveCfg = Release|x64
		{0298A7D2-A217-4EBC-A8CB-1DD7045BFC3D}.Release|x86.ActiveCfg = Release|Win32
		{9F7CDCDB-E857-49B9-A57F-28A338A3F4A1}.Debug|x64.ActiveCfg = Debug|x64
		{9F7CDCDB-E857-49B9-A57F-28A338A3F4A1}.Debug|x86.ActiveCfg = Debug|Win32
		{9F7CDCDB-E857-49B9-A57F-28A338A3F4A1}.Release|x64.ActiveCfg = Release|x64
		{9F7CDCDB-E857-49B9-A57F-28A338A3F4A1}.Release|x86.ActiveCfg = Release|Win32
		{0110EB69-9A81-4A72-BD4E-2C5CC761088E}.Debug|x64.ActiveCfg = Debug|x64
		{0110EB69-9A81-4A72-BD4E-2C5CC761088E}.Debug|x86.ActiveCfg = Debug|Win32
		{0110EB69-9A81-4A72-BD4E-2C5CC761088E}.Release|x64.ActiveCfg = Release|x64
		{0110EB69-9A81-4A72-BD4E-2C5CC761088E}.Release|x86.ActiveCfg = Release|Win32
		{4C401D2C-F9FB-489C-BDEE-A5C1C18A8CF9}.Debug|x64.ActiveCfg = Debug|x64
		{4C401D2C-F9FB-489C-BDEE-A5C1C18A8CF9}.Debug|x64.Build.0 = Debug|x64
		{4C401D2C-F9FB-489C-BDEE-A5C1C18A8CF9}.Debug|x86.ActiveCfg = Debug|Win32
		{4C401D2C-F9FB-489C-BDEE-A5C1C18A8CF9}.Debug|x86.Build.0 = Debug|Win32
		{4C401D2C-F9FB-489C-BDEE-A5C1C18A8CF9}.Release|x64.ActiveCfg = Release|x64
		{4C401D2C-F9FB-489C-BDEE-A5C1C18A8CF9}.Release|x64.Build.0 = Release|x64
		{4C401D2C-F9FB-489C-BDEE-A5C1C18A8CF9}.Release|x86.ActiveCfg = Release|Win32
		{4C401D2C-F9FB-489C-BDEE-A5C1C18A8CF9}.Release|x86.Build.0 = Release|Win32
	EndGlobalSection
	GlobalSection(SolutionProperties) = preSolution
		HideSolutionNode = FALSE
	EndGlobalSection
EndGlobal
